
Microsoft Visual Studio Solution File, Format Version 12.00
# Visual Studio 15
VisualStudioVersion = 15.0.26430.6
MinimumVisualStudioVersion = 10.0.40219.1
Project("{FAE04EC0-301F-11D3-BF4B-00C04F79EFBC}") = "MediaCtrl", "MediaCtrl\MediaCtrl.csproj", "{29A4E705-2816-40A3-8C2D-36095294BE00}"
EndProject
Project("{8BC9CEB8-8B4A-11D0-8D11-00A0C91BC942}") = "ResDll", "ResDll\ResDll.vcxproj", "{DA41A457-05F5-41C0-AB4F-604545F4DCE4}"
EndProject
Project("{FAE04EC0-301F-11D3-BF4B-00C04F79EFBC}") = "CortanaMusicUpdate", "CortanaMusicUpdate\CortanaMusicUpdate.csproj", "{4C159CF1-DEEA-4BC2-9E7B-62AFF98608BF}"
EndProject
Global
	GlobalSection(SolutionConfigurationPlatforms) = preSolution
		Debug|Any CPU = Debug|Any CPU
		Debug|x64 = Debug|x64
		Debug|x86 = Debug|x86
		Release|Any CPU = Release|Any CPU
		Release|x64 = Release|x64
		Release|x86 = Release|x86
	EndGlobalSection
	GlobalSection(ProjectConfigurationPlatforms) = postSolution
		{29A4E705-2816-40A3-8C2D-36095294BE00}.Debug|Any CPU.ActiveCfg = Debug|Any CPU
		{29A4E705-2816-40A3-8C2D-36095294BE00}.Debug|Any CPU.Build.0 = Debug|Any CPU
		{29A4E705-2816-40A3-8C2D-36095294BE00}.Debug|x64.ActiveCfg = Debug|Any CPU
		{29A4E705-2816-40A3-8C2D-36095294BE00}.Debug|x64.Build.0 = Debug|Any CPU
		{29A4E705-2816-40A3-8C2D-36095294BE00}.Debug|x86.ActiveCfg = Debug|Any CPU
		{29A4E705-2816-40A3-8C2D-36095294BE00}.Debug|x86.Build.0 = Debug|Any CPU
		{29A4E705-2816-40A3-8C2D-36095294BE00}.Release|Any CPU.ActiveCfg = Release|Any CPU
		{29A4E705-2816-40A3-8C2D-36095294BE00}.Release|Any CPU.Build.0 = Release|Any CPU
		{29A4E705-2816-40A3-8C2D-36095294BE00}.Release|x64.ActiveCfg = Release|Any CPU
		{29A4E705-2816-40A3-8C2D-36095294BE00}.Release|x64.Build.0 = Release|Any CPU
		{29A4E705-2816-40A3-8C2D-36095294BE00}.Release|x86.ActiveCfg = Release|Any CPU
		{29A4E705-2816-40A3-8C2D-36095294BE00}.Release|x86.Build.0 = Release|Any CPU
		{DA41A457-05F5-41C0-AB4F-604545F4DCE4}.Debug|Any CPU.ActiveCfg = Debug|Win32
		{DA41A457-05F5-41C0-AB4F-604545F4DCE4}.Debug|x64.ActiveCfg = Debug|x64
		{DA41A457-05F5-41C0-AB4F-604545F4DCE4}.Debug|x64.Build.0 = Debug|x64
		{DA41A457-05F5-41C0-AB4F-604545F4DCE4}.Debug|x86.ActiveCfg = Debug|Win32
		{DA41A457-05F5-41C0-AB4F-604545F4DCE4}.Debug|x86.Build.0 = Debug|Win32
		{DA41A457-05F5-41C0-AB4F-604545F4DCE4}.Release|Any CPU.ActiveCfg = Release|Win32
		{DA41A457-05F5-41C0-AB4F-604545F4DCE4}.Release|x64.ActiveCfg = Release|x64
		{DA41A457-05F5-41C0-AB4F-604545F4DCE4}.Release|x64.Build.0 = Release|x64
		{DA41A457-05F5-41C0-AB4F-604545F4DCE4}.Release|x86.ActiveCfg = Release|Win32
		{DA41A457-05F5-41C0-AB4F-604545F4DCE4}.Release|x86.Build.0 = Release|Win32
		{4C159CF1-DEEA-4BC2-9E7B-62AFF98608BF}.Debug|Any CPU.ActiveCfg = Debug|Any CPU
		{4C159CF1-DEEA-4BC2-9E7B-62AFF98608BF}.Debug|Any CPU.Build.0 = Debug|Any CPU
		{4C159CF1-DEEA-4BC2-9E7B-62AFF98608BF}.Debug|x64.ActiveCfg = Debug|Any CPU
		{4C159CF1-DEEA-4BC2-9E7B-62AFF98608BF}.Debug|x64.Build.0 = Debug|Any CPU
		{4C159CF1-DEEA-4BC2-9E7B-62AFF98608BF}.Debug|x86.ActiveCfg = Debug|Any CPU
		{4C159CF1-DEEA-4BC2-9E7B-62AFF98608BF}.Debug|x86.Build.0 = Debug|Any CPU
		{4C159CF1-DEEA-4BC2-9E7B-62AFF98608BF}.Release|Any CPU.ActiveCfg = Release|Any CPU
		{4C159CF1-DEEA-4BC2-9E7B-62AFF98608BF}.Release|Any CPU.Build.0 = Release|Any CPU
		{4C159CF1-DEEA-4BC2-9E7B-62AFF98608BF}.Release|x64.ActiveCfg = Release|Any CPU
		{4C159CF1-DEEA-4BC2-9E7B-62AFF98608BF}.Release|x64.Build.0 = Release|Any CPU
		{4C159CF1-DEEA-4BC2-9E7B-62AFF98608BF}.Release|x86.ActiveCfg = Release|Any CPU
		{4C159CF1-DEEA-4BC2-9E7B-62AFF98608BF}.Release|x86.Build.0 = Release|Any CPU
	EndGlobalSection
	GlobalSection(SolutionProperties) = preSolution
		HideSolutionNode = FALSE
	EndGlobalSection
EndGlobal
